
Microsoft Visual Studio Solution File, Format Version 12.00
# Visual Studio 15
VisualStudioVersion = 15.0.28307.757
MinimumVisualStudioVersion = 10.0.40219.1
Project("{FAE04EC0-301F-11D3-BF4B-00C04F79EFBC}") = "WcfServiceLibraryCheck", "WcfServiceLibraryCheck\WcfServiceLibraryCheck.csproj", "{14A2C64A-9489-43B4-BB2D-50113BAF5052}"
EndProject
Project("{FAE04EC0-301F-11D3-BF4B-00C04F79EFBC}") = "DataModelLibrary", "DataModelLibrary\DataModelLibrary.csproj", "{398EA302-4976-42C2-B650-229DB1B6C141}"
EndProject
Project("{FAE04EC0-301F-11D3-BF4B-00C04F79EFBC}") = "ConsoleAppServiceHost", "ConsoleAppServiceHost\ConsoleAppServiceHost.csproj", "{290956FF-A903-4AA8-97BD-638DE91C0E45}"
EndProject
Project("{FAE04EC0-301F-11D3-BF4B-00C04F79EFBC}") = "WindowsServiceFolderMonitor", "WindowsServiceFolderMonitor\WindowsServiceFolderMonitor.csproj", "{55B253D6-5BF1-42FE-BA62-D1A0CA61AE5B}"
EndProject
Project("{FAE04EC0-301F-11D3-BF4B-00C04F79EFBC}") = "LoggerLibrary", "LoggerLibrary\LoggerLibrary.csproj", "{E780B825-5CD6-43AA-8A12-B15647F7EE41}"
EndProject
Project("{2150E333-8FDC-42A3-9474-1A3956D46DE8}") = "Info", "Info", "{5F0F5B8F-8E77-4F96-B903-67155B12215A}"
	ProjectSection(SolutionItems) = preProject
		C:\Users\vlad\Desktop\CheckExampleAndSqlScripts.txt = C:\Users\vlad\Desktop\CheckExampleAndSqlScripts.txt
		C:\Users\vlad\Desktop\Задача.docx = C:\Users\vlad\Desktop\Задача.docx
	EndProjectSection
EndProject
Global
	GlobalSection(SolutionConfigurationPlatforms) = preSolution
		Debug|Any CPU = Debug|Any CPU
		Release|Any CPU = Release|Any CPU
	EndGlobalSection
	GlobalSection(ProjectConfigurationPlatforms) = postSolution
		{14A2C64A-9489-43B4-BB2D-50113BAF5052}.Debug|Any CPU.ActiveCfg = Debug|Any CPU
		{14A2C64A-9489-43B4-BB2D-50113BAF5052}.Debug|Any CPU.Build.0 = Debug|Any CPU
		{14A2C64A-9489-43B4-BB2D-50113BAF5052}.Release|Any CPU.ActiveCfg = Release|Any CPU
		{14A2C64A-9489-43B4-BB2D-50113BAF5052}.Release|Any CPU.Build.0 = Release|Any CPU
		{398EA302-4976-42C2-B650-229DB1B6C141}.Debug|Any CPU.ActiveCfg = Debug|Any CPU
		{398EA302-4976-42C2-B650-229DB1B6C141}.Debug|Any CPU.Build.0 = Debug|Any CPU
		{398EA302-4976-42C2-B650-229DB1B6C141}.Release|Any CPU.ActiveCfg = Release|Any CPU
		{398EA302-4976-42C2-B650-229DB1B6C141}.Release|Any CPU.Build.0 = Release|Any CPU
		{290956FF-A903-4AA8-97BD-638DE91C0E45}.Debug|Any CPU.ActiveCfg = Debug|Any CPU
		{290956FF-A903-4AA8-97BD-638DE91C0E45}.Debug|Any CPU.Build.0 = Debug|Any CPU
		{290956FF-A903-4AA8-97BD-638DE91C0E45}.Release|Any CPU.ActiveCfg = Release|Any CPU
		{290956FF-A903-4AA8-97BD-638DE91C0E45}.Release|Any CPU.Build.0 = Release|Any CPU
		{55B253D6-5BF1-42FE-BA62-D1A0CA61AE5B}.Debug|Any CPU.ActiveCfg = Debug|Any CPU
		{55B253D6-5BF1-42FE-BA62-D1A0CA61AE5B}.Debug|Any CPU.Build.0 = Debug|Any CPU
		{55B253D6-5BF1-42FE-BA62-D1A0CA61AE5B}.Release|Any CPU.ActiveCfg = Release|Any CPU
		{55B253D6-5BF1-42FE-BA62-D1A0CA61AE5B}.Release|Any CPU.Build.0 = Release|Any CPU
		{E780B825-5CD6-43AA-8A12-B15647F7EE41}.Debug|Any CPU.ActiveCfg = Debug|Any CPU
		{E780B825-5CD6-43AA-8A12-B15647F7EE41}.Debug|Any CPU.Build.0 = Debug|Any CPU
		{E780B825-5CD6-43AA-8A12-B15647F7EE41}.Release|Any CPU.ActiveCfg = Release|Any CPU
		{E780B825-5CD6-43AA-8A12-B15647F7EE41}.Release|Any CPU.Build.0 = Release|Any CPU
	EndGlobalSection
	GlobalSection(SolutionProperties) = preSolution
		HideSolutionNode = FALSE
	EndGlobalSection
	GlobalSection(ExtensibilityGlobals) = postSolution
		SolutionGuid = {C62D36AB-9B30-4FDC-B05A-6D410F8FD922}
	EndGlobalSection
EndGlobal
